dependencies:
- name: openshiftpulse
  repository: file://../openshiftpulse
  version: 4.7.0
- name: openshift-sre-agent
  repository: file://../../../../pulse-agent/chart
  version: 2.3.0
digest: sha256:78cd5539eb67018277eb9ddfffea84795103d202e5589117e8e3970a0fc61241
generated: "2026-04-14T21:25:10.169121-07:00"
